
Microsoft Visual Studio Solution File, Format Version 12.00
# Visual Studio Version 17
VisualStudioVersion = 17.7.34009.444
MinimumVisualStudioVersion = 10.0.40219.1
Project("{FAE04EC0-301F-11D3-BF4B-00C04F79EFBC}") = "BackEndAPI", "BackEndAPI.csproj", "{7EF7CC0C-ACAF-4A70-B41D-7F8D1DA8FFC1}"
EndProject
Global
	GlobalSection(SolutionConfigurationPlatforms) = preSolution
		Debug|Any CPU = Debug|Any CPU
		Release|Any CPU = Release|Any CPU
	EndGlobalSection
	GlobalSection(ProjectConfigurationPlatforms) = postSolution
		{7EF7CC0C-ACAF-4A70-B41D-7F8D1DA8FFC1}.Debug|Any CPU.ActiveCfg = Debug|Any CPU
		{7EF7CC0C-ACAF-4A70-B41D-7F8D1DA8FFC1}.Debug|Any CPU.Build.0 = Debug|Any CPU
		{7EF7CC0C-ACAF-4A70-B41D-7F8D1DA8FFC1}.Release|Any CPU.ActiveCfg = Release|Any CPU
		{7EF7CC0C-ACAF-4A70-B41D-7F8D1DA8FFC1}.Release|Any CPU.Build.0 = Release|Any CPU
	EndGlobalSection
	GlobalSection(SolutionProperties) = preSolution
		HideSolutionNode = FALSE
	EndGlobalSection
	GlobalSection(ExtensibilityGlobals) = postSolution
		SolutionGuid = {48AA35B5-6035-4B9B-99EA-183EB87FB414}
	EndGlobalSection
EndGlobal
